
Microsoft Visual Studio Solution File, Format Version 12.00
# Visual Studio Version 17
VisualStudioVersion = 17.8.34330.188
MinimumVisualStudioVersion = 10.0.40219.1
Project("{FAE04EC0-301F-11D3-BF4B-00C04F79EFBC}") = "ContactList.Server", "ContactList.Server\ContactList.Server.csproj", "{CD76DE72-831E-412D-B23A-0A676F34D993}"
EndProject
Project("{54A90642-561A-4BB1-A94E-469ADEE60C69}") = "contactlist.client", "contactlist.client\contactlist.client.esproj", "{D19CF151-CD56-456D-9A3C-A9E8C6F37D41}"
EndProject
Global
	GlobalSection(SolutionConfigurationPlatforms) = preSolution
		Debug|Any CPU = Debug|Any CPU
		Release|Any CPU = Release|Any CPU
	EndGlobalSection
	GlobalSection(ProjectConfigurationPlatforms) = postSolution
		{CD76DE72-831E-412D-B23A-0A676F34D993}.Debug|Any CPU.ActiveCfg = Debug|Any CPU
		{CD76DE72-831E-412D-B23A-0A676F34D993}.Debug|Any CPU.Build.0 = Debug|Any CPU
		{CD76DE72-831E-412D-B23A-0A676F34D993}.Release|Any CPU.ActiveCfg = Release|Any CPU
		{CD76DE72-831E-412D-B23A-0A676F34D993}.Release|Any CPU.Build.0 = Release|Any CPU
		{D19CF151-CD56-456D-9A3C-A9E8C6F37D41}.Debug|Any CPU.ActiveCfg = Debug|Any CPU
		{D19CF151-CD56-456D-9A3C-A9E8C6F37D41}.Debug|Any CPU.Build.0 = Debug|Any CPU
		{D19CF151-CD56-456D-9A3C-A9E8C6F37D41}.Debug|Any CPU.Deploy.0 = Debug|Any CPU
		{D19CF151-CD56-456D-9A3C-A9E8C6F37D41}.Release|Any CPU.ActiveCfg = Release|Any CPU
		{D19CF151-CD56-456D-9A3C-A9E8C6F37D41}.Release|Any CPU.Build.0 = Release|Any CPU
		{D19CF151-CD56-456D-9A3C-A9E8C6F37D41}.Release|Any CPU.Deploy.0 = Release|Any CPU
	EndGlobalSection
	GlobalSection(SolutionProperties) = preSolution
		HideSolutionNode = FALSE
	EndGlobalSection
	GlobalSection(ExtensibilityGlobals) = postSolution
		SolutionGuid = {C16613F4-EE55-4949-9AB5-E0B8D27DA08D}
	EndGlobalSection
EndGlobal
